
Microsoft Visual Studio Solution File, Format Version 12.00
# Visual Studio Version 17
VisualStudioVersion = 17.4.33103.184
MinimumVisualStudioVersion = 10.0.40219.1
Project("{FAE04EC0-301F-11D3-BF4B-00C04F79EFBC}") = "AbstractDemo", "AbstractDemo\AbstractDemo.csproj", "{743DB9A2-251B-4EA1-A4D6-4E2AA40E0A0D}"
EndProject
Global
	GlobalSection(SolutionConfigurationPlatforms) = preSolution
		Debug|Any CPU = Debug|Any CPU
		Release|Any CPU = Release|Any CPU
	EndGlobalSection
	GlobalSection(ProjectConfigurationPlatforms) = postSolution
		{743DB9A2-251B-4EA1-A4D6-4E2AA40E0A0D}.Debug|Any CPU.ActiveCfg = Debug|Any CPU
		{743DB9A2-251B-4EA1-A4D6-4E2AA40E0A0D}.Debug|Any CPU.Build.0 = Debug|Any CPU
		{743DB9A2-251B-4EA1-A4D6-4E2AA40E0A0D}.Release|Any CPU.ActiveCfg = Release|Any CPU
		{743DB9A2-251B-4EA1-A4D6-4E2AA40E0A0D}.Release|Any CPU.Build.0 = Release|Any CPU
	EndGlobalSection
	GlobalSection(SolutionProperties) = preSolution
		HideSolutionNode = FALSE
	EndGlobalSection
	GlobalSection(ExtensibilityGlobals) = postSolution
		SolutionGuid = {44FE1FA0-778D-45C0-B2F7-29D9F6F402C5}
	EndGlobalSection
EndGlobal
